
Microsoft Visual Studio Solution File, Format Version 12.00
# Visual Studio Version 17
VisualStudioVersion = 17.10.35027.167
MinimumVisualStudioVersion = 10.0.40219.1
Project("{9A19103F-16F7-4668-BE54-9A1E7A4F7556}") = "Common", "Common\Common.csproj", "{9FF22F89-3492-452D-A1BF-9557C6CB16FC}"
EndProject
Project("{9A19103F-16F7-4668-BE54-9A1E7A4F7556}") = "DrawTriangle", "DrawTriangle\DrawTriangle.csproj", "{2020580E-3AF5-464B-80E1-6106D7727B2F}"
EndProject
Project("{9A19103F-16F7-4668-BE54-9A1E7A4F7556}") = "DrawTextureCube", "DrawTextureCube\DrawTextureCube.csproj", "{55895B9D-4A66-4828-9A0C-C2DB3F172737}"
EndProject
Project("{9A19103F-16F7-4668-BE54-9A1E7A4F7556}") = "Texture2DArray", "Texture2DArray\Texture2DArray.csproj", "{A3CAE6AC-69AF-428C-85EC-E54E6D8D1248}"
EndProject
Project("{9A19103F-16F7-4668-BE54-9A1E7A4F7556}") = "Stencil", "Stencil\Stencil.csproj", "{791AD40F-2C76-4070-BA94-EC463C411B13}"
EndProject
Project("{9A19103F-16F7-4668-BE54-9A1E7A4F7556}") = "GeometryShader", "GeometryShader\GeometryShader.csproj", "{1069E516-6783-45B0-8756-7B3026FBBB7D}"
EndProject
Project("{9A19103F-16F7-4668-BE54-9A1E7A4F7556}") = "TextureCubeArray", "TextureCubeArray\TextureCubeArray.csproj", "{6115E672-B027-4E33-9466-80E6781FB854}"
EndProject
Project("{9A19103F-16F7-4668-BE54-9A1E7A4F7556}") = "RenderToTexture", "RenderToTexture\RenderToTexture.csproj", "{5428D28B-8829-4264-B896-AFE4A23FC330}"
EndProject
Project("{9A19103F-16F7-4668-BE54-9A1E7A4F7556}") = "DrawInstancingIndirect", "DrawInstancingIndirect\DrawInstancingIndirect.csproj", "{B7BA7386-5006-4E48-924C-4959BCDBF9A4}"
EndProject
Project("{9A19103F-16F7-4668-BE54-9A1E7A4F7556}") = "ComputeTexture", "ComputeTexture\ComputeTexture.csproj", "{5068C0D3-C454-4CCC-A6F1-72BAC0BDD7C2}"
EndProject
Project("{FAE04EC0-301F-11D3-BF4B-00C04F79EFBC}") = "DrawMeshlets", "DrawMeshlets\DrawMeshlets.csproj", "{61FA3EA1-F403-4B5D-915F-2CB6687F28E1}"
EndProject
Global
	GlobalSection(SolutionConfigurationPlatforms) = preSolution
		Debug|Any CPU = Debug|Any CPU
		Release|Any CPU = Release|Any CPU
	EndGlobalSection
	GlobalSection(ProjectConfigurationPlatforms) = postSolution
		{9FF22F89-3492-452D-A1BF-9557C6CB16FC}.Debug|Any CPU.ActiveCfg = Debug|Any CPU
		{9FF22F89-3492-452D-A1BF-9557C6CB16FC}.Debug|Any CPU.Build.0 = Debug|Any CPU
		{9FF22F89-3492-452D-A1BF-9557C6CB16FC}.Release|Any CPU.ActiveCfg = Release|Any CPU
		{9FF22F89-3492-452D-A1BF-9557C6CB16FC}.Release|Any CPU.Build.0 = Release|Any CPU
		{2020580E-3AF5-464B-80E1-6106D7727B2F}.Debug|Any CPU.ActiveCfg = Debug|Any CPU
		{2020580E-3AF5-464B-80E1-6106D7727B2F}.Debug|Any CPU.Build.0 = Debug|Any CPU
		{2020580E-3AF5-464B-80E1-6106D7727B2F}.Release|Any CPU.ActiveCfg = Release|Any CPU
		{2020580E-3AF5-464B-80E1-6106D7727B2F}.Release|Any CPU.Build.0 = Release|Any CPU
		{55895B9D-4A66-4828-9A0C-C2DB3F172737}.Debug|Any CPU.ActiveCfg = Debug|Any CPU
		{55895B9D-4A66-4828-9A0C-C2DB3F172737}.Debug|Any CPU.Build.0 = Debug|Any CPU
		{55895B9D-4A66-4828-9A0C-C2DB3F172737}.Release|Any CPU.ActiveCfg = Release|Any CPU
		{55895B9D-4A66-4828-9A0C-C2DB3F172737}.Release|Any CPU.Build.0 = Release|Any CPU
		{A3CAE6AC-69AF-428C-85EC-E54E6D8D1248}.Debug|Any CPU.ActiveCfg = Debug|Any CPU
		{A3CAE6AC-69AF-428C-85EC-E54E6D8D1248}.Debug|Any CPU.Build.0 = Debug|Any CPU
		{A3CAE6AC-69AF-428C-85EC-E54E6D8D1248}.Release|Any CPU.ActiveCfg = Release|Any CPU
		{A3CAE6AC-69AF-428C-85EC-E54E6D8D1248}.Release|Any CPU.Build.0 = Release|Any CPU
		{791AD40F-2C76-4070-BA94-EC463C411B13}.Debug|Any CPU.ActiveCfg = Debug|Any CPU
		{791AD40F-2C76-4070-BA94-EC463C411B13}.Debug|Any CPU.Build.0 = Debug|Any CPU
		{791AD40F-2C76-4070-BA94-EC463C411B13}.Release|Any CPU.ActiveCfg = Release|Any CPU
		{791AD40F-2C76-4070-BA94-EC463C411B13}.Release|Any CPU.Build.0 = Release|Any CPU
		{1069E516-6783-45B0-8756-7B3026FBBB7D}.Debug|Any CPU.ActiveCfg = Debug|Any CPU
		{1069E516-6783-45B0-8756-7B3026FBBB7D}.Debug|Any CPU.Build.0 = Debug|Any CPU
		{1069E516-6783-45B0-8756-7B3026FBBB7D}.Release|Any CPU.ActiveCfg = Release|Any CPU
		{1069E516-6783-45B0-8756-7B3026FBBB7D}.Release|Any CPU.Build.0 = Release|Any CPU
		{6115E672-B027-4E33-9466-80E6781FB854}.Debug|Any CPU.ActiveCfg = Debug|Any CPU
		{6115E672-B027-4E33-9466-80E6781FB854}.Debug|Any CPU.Build.0 = Debug|Any CPU
		{6115E672-B027-4E33-9466-80E6781FB854}.Release|Any CPU.ActiveCfg = Release|Any CPU
		{6115E672-B027-4E33-9466-80E6781FB854}.Release|Any CPU.Build.0 = Release|Any CPU
		{5428D28B-8829-4264-B896-AFE4A23FC330}.Debug|Any CPU.ActiveCfg = Debug|Any CPU
		{5428D28B-8829-4264-B896-AFE4A23FC330}.Debug|Any CPU.Build.0 = Debug|Any CPU
		{5428D28B-8829-4264-B896-AFE4A23FC330}.Release|Any CPU.ActiveCfg = Release|Any CPU
		{5428D28B-8829-4264-B896-AFE4A23FC330}.Release|Any CPU.Build.0 = Release|Any CPU
		{B7BA7386-5006-4E48-924C-4959BCDBF9A4}.Debug|Any CPU.ActiveCfg = Debug|Any CPU
		{B7BA7386-5006-4E48-924C-4959BCDBF9A4}.Debug|Any CPU.Build.0 = Debug|Any CPU
		{B7BA7386-5006-4E48-924C-4959BCDBF9A4}.Release|Any CPU.ActiveCfg = Release|Any CPU
		{B7BA7386-5006-4E48-924C-4959BCDBF9A4}.Release|Any CPU.Build.0 = Release|Any CPU
		{5068C0D3-C454-4CCC-A6F1-72BAC0BDD7C2}.Debug|Any CPU.ActiveCfg = Debug|Any CPU
		{5068C0D3-C454-4CCC-A6F1-72BAC0BDD7C2}.Debug|Any CPU.Build.0 = Debug|Any CPU
		{5068C0D3-C454-4CCC-A6F1-72BAC0BDD7C2}.Release|Any CPU.ActiveCfg = Release|Any CPU
		{5068C0D3-C454-4CCC-A6F1-72BAC0BDD7C2}.Release|Any CPU.Build.0 = Release|Any CPU
		{61FA3EA1-F403-4B5D-915F-2CB6687F28E1}.Debug|Any CPU.ActiveCfg = Debug|Any CPU
		{61FA3EA1-F403-4B5D-915F-2CB6687F28E1}.Debug|Any CPU.Build.0 = Debug|Any CPU
		{61FA3EA1-F403-4B5D-915F-2CB6687F28E1}.Release|Any CPU.ActiveCfg = Release|Any CPU
		{61FA3EA1-F403-4B5D-915F-2CB6687F28E1}.Release|Any CPU.Build.0 = Release|Any CPU
	EndGlobalSection
	GlobalSection(SolutionProperties) = preSolution
		HideSolutionNode = FALSE
	EndGlobalSection
	GlobalSection(ExtensibilityGlobals) = postSolution
		SolutionGuid = {5E8DFA15-617A-4151-B1BD-5AE1AAD850C3}
	EndGlobalSection
EndGlobal
